
Microsoft Visual Studio Solution File, Format Version 12.00
# Visual Studio Version 17
VisualStudioVersion = 17.5.002.0
MinimumVisualStudioVersion = 10.0.40219.1
Project("{9A19103F-16F7-4668-BE54-9A1E7A4F7556}") = "AssignmentHyphen", "AssignmentHyphen.csproj", "{6C947ED2-1C77-4A93-869C-13C2AB269995}"
EndProject
Global
	GlobalSection(SolutionConfigurationPlatforms) = preSolution
		Debug|Any CPU = Debug|Any CPU
		Release|Any CPU = Release|Any CPU
	EndGlobalSection
	GlobalSection(ProjectConfigurationPlatforms) = postSolution
		{6C947ED2-1C77-4A93-869C-13C2AB269995}.Debug|Any CPU.ActiveCfg = Debug|Any CPU
		{6C947ED2-1C77-4A93-869C-13C2AB269995}.Debug|Any CPU.Build.0 = Debug|Any CPU
		{6C947ED2-1C77-4A93-869C-13C2AB269995}.Release|Any CPU.ActiveCfg = Release|Any CPU
		{6C947ED2-1C77-4A93-869C-13C2AB269995}.Release|Any CPU.Build.0 = Release|Any CPU
	EndGlobalSection
	GlobalSection(SolutionProperties) = preSolution
		HideSolutionNode = FALSE
	EndGlobalSection
	GlobalSection(ExtensibilityGlobals) = postSolution
		SolutionGuid = {D5AE6D6B-0907-4F21-B001-ADB5F8248F5D}
	EndGlobalSection
EndGlobal
